
Microsoft Visual Studio Solution File, Format Version 12.00
# Visual Studio Version 17
VisualStudioVersion = 17.11.35303.130
MinimumVisualStudioVersion = 10.0.40219.1
Project("{E24C65DC-7377-472B-9ABA-BC803B73C61A}") = "Nettside", "http://localhost:62964", "{C10CB1EA-6C87-4545-B976-2BE8F8C84EA6}"
	ProjectSection(WebsiteProperties) = preProject
		UseIISExpress = "true"
		TargetFrameworkMoniker = ".NETFramework,Version%3Dv4.8"
		Debug.AspNetCompiler.VirtualPath = "/localhost_62964"
		Debug.AspNetCompiler.PhysicalPath = "..\..\..\OneDrive\Documents\My Web Sites\Nettside\"
		Debug.AspNetCompiler.TargetPath = "PrecompiledWeb\localhost_62964\"
		Debug.AspNetCompiler.Updateable = "true"
		Debug.AspNetCompiler.ForceOverwrite = "true"
		Debug.AspNetCompiler.FixedNames = "false"
		Debug.AspNetCompiler.Debug = "True"
		Release.AspNetCompiler.VirtualPath = "/localhost_62964"
		Release.AspNetCompiler.PhysicalPath = "..\..\..\OneDrive\Documents\My Web Sites\Nettside\"
		Release.AspNetCompiler.TargetPath = "PrecompiledWeb\localhost_62964\"
		Release.AspNetCompiler.Updateable = "true"
		Release.AspNetCompiler.ForceOverwrite = "true"
		Release.AspNetCompiler.FixedNames = "false"
		Release.AspNetCompiler.Debug = "False"
		SlnRelativePath = "..\..\..\OneDrive\Documents\My Web Sites\Nettside\"
	EndProjectSection
EndProject
Global
	GlobalSection(SolutionConfigurationPlatforms) = preSolution
		Debug|Any CPU = Debug|Any CPU
	EndGlobalSection
	GlobalSection(ProjectConfigurationPlatforms) = postSolution
		{C10CB1EA-6C87-4545-B976-2BE8F8C84EA6}.Debug|Any CPU.ActiveCfg = Debug|Any CPU
		{C10CB1EA-6C87-4545-B976-2BE8F8C84EA6}.Debug|Any CPU.Build.0 = Debug|Any CPU
	EndGlobalSection
	GlobalSection(SolutionProperties) = preSolution
		HideSolutionNode = FALSE
	EndGlobalSection
	GlobalSection(ExtensibilityGlobals) = postSolution
		SolutionGuid = {6DCD96E8-42E0-4678-AA68-DF8870319548}
	EndGlobalSection
EndGlobal
